PODS:
  - RxSwift (6.8.0)
  - SwiftNet (1.0.0):
    - RxSwift

DEPENDENCIES:
  - SwiftNet (from `.`)

SPEC REPOS:
  trunk:
    - RxSwift

EXTERNAL SOURCES:
  SwiftNet:
    :path: "."

SPEC CHECKSUMS:
  RxSwift: 4e28be97cbcfeee614af26d83415febbf2bf6f45
  SwiftNet: a52b3d6050802f9ae77fcff01c4a327fd515f733

PODFILE CHECKSUM: 1f714dbef5dbd7e57f1d0416a831b8bd50d77e7d

COCOAPODS: 1.14.3
